github.com/kamalshkeir/aes v1.1.2 h1:abtIh8VI4776N2ZW1Zni3Ax5qIg4Xn+VjYUIAmm9dlo=
github.com/kamalshkeir/aes v1.1.2/go.mod h1:EgK5oLi56UJEDirxDS+wJD+u9Wk7cqTUZ94e2jTzP1U=
github.com/kamalshkeir/argon v1.0.1 h1:8KET6+qoytHVSIg47N8Wefy0PWdUszyIxe9S748zsIU=
github.com/kamalshkeir/argon v1.0.1/go.mod h1:1yzi4VtpOY6S10rfO5gZ19iachH9CSO2THcu4HIsJHQ=
github.com/kamalshkeir/kinput v0.1.0 h1:mSGQoEE3lpxRN2azpXR2PulWHMNEvJeQVAXbqDfL0uw=
github.com/kamalshkeir/kinput v0.1.0/go.mod h1:8eh2u/btMpxfx8w+7XoG/FIrtNr0jG0I0SL/ENTh6uQ=
github.com/kamalshkeir/kmap v1.1.8 h1:lZqyL9f717ZzBkkI74bNuCjfnWdCLbFZmakzLBQG3A4=
github.com/kamalshkeir/kmap v1.1.8/go.mod h1:SLSllMqrhSTJtgYd14nXeFZ/shp9AY4t20YGCtlcziI=
github.com/kamalshkeir/ksmux v0.8.4 h1:zPLCdwQMPErXQEjsYqrEtkbAVTrwP4sRI7/Fn0VHrsU=
github.com/kamalshkeir/ksmux v0.8.4/go.mod h1:WIHE98MGsFOifMEn4o6Q05vA9b+QyUKv842PKWE4B7g=
github.com/kamalshkeir/kstrct v1.9.22 h1:WaUdUW9XzZ2MKwZAxRite4bwvfhLLp7h8L9RABfNHCY=
github.com/kamalshkeir/kstrct v1.9.22/go.mod h1:QdCq0t1MZsJb75R1cSxKqyVa6LCGCiQpS+kG8S0pPC8=
github.com/kamalshkeir/lg v0.1.4 h1:HIL4ry0EMEYTyzX7lPPm2FZcEBBIf7Y2q6IiAL4T7qA=
github.com/kamalshkeir/lg v0.1.4/go.mod h1:Ub/kxOdgleTDhDBXtFXXxO/XOHR/zt+6pvTIJNtuhew=
golang.org/x/crypto v0.44.0 h1:A97SsFvM3AIwEEmTBiaxPPTYpDC47w720rdiiUvgoAU=
golang.org/x/crypto v0.44.0/go.mod h1:013i+Nw79BMiQiMsOPcVCB5ZIJbYkerPrGnOa00tvmc=
golang.org/x/net v0.47.0 h1:Mx+4dIFzqraBXUugkia1OOvlD6LemFo1ALMHjrXDOhY=
golang.org/x/net v0.47.0/go.mod h1:/jNxtkgq5yWUGYkaZGqo27cfGZ1c5Nen03aYrrKpVRU=
golang.org/x/sys v0.38.0 h1:3yZWxaJjBmCWXqhN1qh02AkOnCQ1poK6oF+a7xWL6Gc=
golang.org/x/sys v0.38.0/go.mod h1:OgkHotnGiDImocRcuBABYBEXf8A9a87e/uXjp9XT3ks=
golang.org/x/term v0.37.0 h1:8EGAD0qCmHYZg6J17DvsMy9/wJ7/D/4pV/wfnld5lTU=
golang.org/x/term v0.37.0/go.mod h1:5pB4lxRNYYVZuTLmy8oR2BH8dflOR+IbTYFD8fi3254=
golang.org/x/text v0.31.0 h1:aC8ghyu4JhP8VojJ2lEHBnochRno1sgL6nEi9WGFGMM=
golang.org/x/text v0.31.0/go.mod h1:tKRAlv61yKIjGGHX/4tP1LTbc13YSec1pxVEWXzfoeM=
golang.org/x/time v0.14.0 h1:MRx4UaLrDotUKUdCIqzPC48t1Y9hANFKIRpNx+Te8PI=
golang.org/x/time v0.14.0/go.mod h1:eL/Oa2bBBK0TkX57Fyni+NgnyQQN4LitPmob2Hjnqw4=
