github.com/kamalshkeir/aes v1.1.1 h1:yJVPUQX7ImIq6Y5lMRHJHv4qrNiR9sn9i2TD75ctJCk=
github.com/kamalshkeir/aes v1.1.1/go.mod h1:2rVePNivOuSZ2UGYhO3mKLzVYWhflOLbcsj6ZynJV1Q=
github.com/kamalshkeir/argon v1.0.1 h1:8KET6+qoytHVSIg47N8Wefy0PWdUszyIxe9S748zsIU=
github.com/kamalshkeir/argon v1.0.1/go.mod h1:1yzi4VtpOY6S10rfO5gZ19iachH9CSO2THcu4HIsJHQ=
github.com/kamalshkeir/kasm v0.0.1/go.mod h1:aB7Vg8R+kx104qe7Nz5nPPGKCvNYKFQsioinlTY1V1Q=
github.com/kamalshkeir/kasm v0.0.2 h1:2OsJa39ZVFFFzxoGjVWIvpZzSutS5Vh3MHBj9Ya4VDU=
github.com/kamalshkeir/kasm v0.0.2/go.mod h1:aB7Vg8R+kx104qe7Nz5nPPGKCvNYKFQsioinlTY1V1Q=
github.com/kamalshkeir/kencoding v0.0.1 h1:kW4rxqQqlQ00daVlJM9O38LV/E4yoonHSwS7QZ3kXhw=
github.com/kamalshkeir/kencoding v0.0.1/go.mod h1:34z0uVV3aBJx8VSt2SOlzqFgH9RAjEzhcyjnaLhajBQ=
github.com/kamalshkeir/kinput v0.1.0 h1:mSGQoEE3lpxRN2azpXR2PulWHMNEvJeQVAXbqDfL0uw=
github.com/kamalshkeir/kinput v0.1.0/go.mod h1:8eh2u/btMpxfx8w+7XoG/FIrtNr0jG0I0SL/ENTh6uQ=
github.com/kamalshkeir/klog v1.1.6 h1:YjFjMT4h8tWVf4yvVjhDzB9ZW4CXWpAPtDVhWMUsK7g=
github.com/kamalshkeir/klog v1.1.6/go.mod h1:jStqtoEWFd/9GrQVd8rIh9z47sBeJapEbnNXEbpZxsQ=
github.com/kamalshkeir/kmap v1.1.2 h1:P89SXps9LN8JYQWDPkfhDsp5pF6tsV7O8OCuxtV8g8s=
github.com/kamalshkeir/kmap v1.1.2/go.mod h1:SLSllMqrhSTJtgYd14nXeFZ/shp9AY4t20YGCtlcziI=
github.com/kamalshkeir/ksbus v1.2.4 h1:D/WqzXzZQuMHacYiQGIdakBqZUHmN2JVgIfYKJMWp6c=
github.com/kamalshkeir/ksbus v1.2.4/go.mod h1:qQCRdHg4kaQIww9c31t+ijetcc5ZpZTH/IYqSHLm0Ns=
github.com/kamalshkeir/ksmux v0.0.9 h1:inm+6CMN860a1yxQYy2cTZeATQaqhAXlUkmWcGY2ZhY=
github.com/kamalshkeir/ksmux v0.0.9/go.mod h1:DdhzU50hLVUxT5HetCvU0CNPYtmgGDp+ef7gHajsPKE=
github.com/kamalshkeir/kstrct v1.8.3 h1:LYCjVAb5MusTVImMK6o05nOBIUE2N0wHF3H5w2Mm4uA=
github.com/kamalshkeir/kstrct v1.8.3/go.mod h1:YGDnTviZIEkaBJi7w5QErIuf1D/ynE2MGotxpiWFjbY=
golang.org/x/crypto v0.21.0 h1:X31++rzVUdKhX5sWmSOFZxx8UW/ldWx55cbf08iNAMA=
golang.org/x/crypto v0.21.0/go.mod h1:0BP7YvVV9gBbVKyeTG0Gyn+gZm94bibOW5BjDEYAOMs=
golang.org/x/net v0.22.0 h1:9sGLhx7iRIHEiX0oAJ3MRZMUCElJgy7Br1nO+AMN3Tc=
golang.org/x/net v0.22.0/go.mod h1:JKghWKKOSdJwpW2GEx0Ja7fmaKnMsbu+MWVZTokSYmg=
golang.org/x/sys v0.7.0/go.mod h1:oPkhp1MJrh7nUepCBck5+mAzfO9JrbApNNgaTdGDITg=
golang.org/x/sys v0.18.0 h1:DBdB3niSjOA/O0blCZBqDefyWNYveAYMNF1Wum0DYQ4=
golang.org/x/sys v0.18.0/go.mod h1:/VUhepiaJMQUp4+oa/7Zr1D23ma6VTLIYjOOTFZPUcA=
golang.org/x/term v0.18.0 h1:FcHjZXDMxI8mM3nwhX9HlKop4C0YQvCVCdwYl2wOtE8=
golang.org/x/term v0.18.0/go.mod h1:ILwASektA3OnRv7amZ1xhE/KTR+u50pbXfZ03+6Nx58=
golang.org/x/text v0.14.0 h1:ScX5w1eTa3QqT8oi6+ziP7dTV1S2+ALU0bI+0zXKWiQ=
golang.org/x/text v0.14.0/go.mod h1:18ZOQIKpY8NJVqYksKHtTdi31H5itFRjB5/qKTNYzSU=
golang.org/x/time v0.5.0 h1:o7cqy6amK/52YcAKIPlM3a+Fpj35zvRj2TP+e1xFSfk=
golang.org/x/time v0.5.0/go.mod h1:3BpzKBy/shNhVucY/MWOyx10tF3SFh9QdLuxbVysPQM=
