github.com/kamalshkeir/aes v1.1.1 h1:yJVPUQX7ImIq6Y5lMRHJHv4qrNiR9sn9i2TD75ctJCk=
github.com/kamalshkeir/aes v1.1.1/go.mod h1:2rVePNivOuSZ2UGYhO3mKLzVYWhflOLbcsj6ZynJV1Q=
github.com/kamalshkeir/argon v1.0.1 h1:8KET6+qoytHVSIg47N8Wefy0PWdUszyIxe9S748zsIU=
github.com/kamalshkeir/argon v1.0.1/go.mod h1:1yzi4VtpOY6S10rfO5gZ19iachH9CSO2THcu4HIsJHQ=
github.com/kamalshkeir/kasm v0.0.1/go.mod h1:aB7Vg8R+kx104qe7Nz5nPPGKCvNYKFQsioinlTY1V1Q=
github.com/kamalshkeir/kasm v0.0.2 h1:2OsJa39ZVFFFzxoGjVWIvpZzSutS5Vh3MHBj9Ya4VDU=
github.com/kamalshkeir/kasm v0.0.2/go.mod h1:aB7Vg8R+kx104qe7Nz5nPPGKCvNYKFQsioinlTY1V1Q=
github.com/kamalshkeir/kencoding v0.0.1 h1:kW4rxqQqlQ00daVlJM9O38LV/E4yoonHSwS7QZ3kXhw=
github.com/kamalshkeir/kencoding v0.0.1/go.mod h1:34z0uVV3aBJx8VSt2SOlzqFgH9RAjEzhcyjnaLhajBQ=
github.com/kamalshkeir/kinput v0.1.0 h1:mSGQoEE3lpxRN2azpXR2PulWHMNEvJeQVAXbqDfL0uw=
github.com/kamalshkeir/kinput v0.1.0/go.mod h1:8eh2u/btMpxfx8w+7XoG/FIrtNr0jG0I0SL/ENTh6uQ=
github.com/kamalshkeir/klog v1.1.4 h1:JsJZM2uerbnlOxzHYnI1vY1Uyp2bHtrk7+o14Dzy2FY=
github.com/kamalshkeir/klog v1.1.4/go.mod h1:jStqtoEWFd/9GrQVd8rIh9z47sBeJapEbnNXEbpZxsQ=
github.com/kamalshkeir/kmap v1.1.2 h1:P89SXps9LN8JYQWDPkfhDsp5pF6tsV7O8OCuxtV8g8s=
github.com/kamalshkeir/kmap v1.1.2/go.mod h1:SLSllMqrhSTJtgYd14nXeFZ/shp9AY4t20YGCtlcziI=
github.com/kamalshkeir/kmux v1.91.92 h1:5XGI2os59TF6y30SSchy4ilNfcxfmEdgmeht464Tnn8=
github.com/kamalshkeir/kmux v1.91.92/go.mod h1:iixLu1Da6bsrk+DWSqbCt8PLUm8xWyTmlJ2mZed1M0A=
github.com/kamalshkeir/ksbus v1.1.6 h1:RiujNQEjK6gt/kRYf6D1hYO41rmqpT0XRd6QmkSKn1I=
github.com/kamalshkeir/ksbus v1.1.6/go.mod h1:mdhAfLHyfMeeA4ehb83DLctoM/wdmcShqYwYWFJz/Gs=
github.com/kamalshkeir/kstrct v1.8.3 h1:LYCjVAb5MusTVImMK6o05nOBIUE2N0wHF3H5w2Mm4uA=
github.com/kamalshkeir/kstrct v1.8.3/go.mod h1:YGDnTviZIEkaBJi7w5QErIuf1D/ynE2MGotxpiWFjbY=
golang.org/x/crypto v0.17.0 h1:r8bRNjWL3GshPW3gkd+RpvzWrZAwPS49OmTGZ/uhM4k=
golang.org/x/crypto v0.17.0/go.mod h1:gCAAfMLgwOJRpTjQ2zCCt2OcSfYMTeZVSRtQlPC7Nq4=
golang.org/x/net v0.19.0 h1:zTwKpTd2XuCqf8huc7Fo2iSy+4RHPd10s4KzeTnVr1c=
golang.org/x/net v0.19.0/go.mod h1:CfAk/cbD4CthTvqiEl8NpboMuiuOYsAr/7NOjZJtv1U=
golang.org/x/sys v0.7.0/go.mod h1:oPkhp1MJrh7nUepCBck5+mAzfO9JrbApNNgaTdGDITg=
golang.org/x/sys v0.15.0 h1:h48lPFYpsTvQJZF4EKyI4aLHaev3CxivZmv7yZig9pc=
golang.org/x/sys v0.15.0/go.mod h1:/VUhepiaJMQUp4+oa/7Zr1D23ma6VTLIYjOOTFZPUcA=
golang.org/x/sys v0.16.0 h1:xWw16ngr6ZMtmxDyKyIgsE93KNKz5HKmMa3b8ALHidU=
golang.org/x/sys v0.16.0/go.mod h1:/VUhepiaJMQUp4+oa/7Zr1D23ma6VTLIYjOOTFZPUcA=
golang.org/x/term v0.15.0 h1:y/Oo/a/q3IXu26lQgl04j/gjuBDOBlx7X6Om1j2CPW4=
golang.org/x/term v0.15.0/go.mod h1:BDl952bC7+uMoWR75FIrCDx79TPU9oHkTZ9yRbYOrX0=
golang.org/x/term v0.16.0 h1:m+B6fahuftsE9qjo0VWp2FW0mB3MTJvR0BaMQrq0pmE=
golang.org/x/term v0.16.0/go.mod h1:yn7UURbUtPyrVJPGPq404EukNFxcm/foM+bV/bfcDsY=
golang.org/x/text v0.14.0 h1:ScX5w1eTa3QqT8oi6+ziP7dTV1S2+ALU0bI+0zXKWiQ=
golang.org/x/text v0.14.0/go.mod h1:18ZOQIKpY8NJVqYksKHtTdi31H5itFRjB5/qKTNYzSU=
golang.org/x/time v0.5.0 h1:o7cqy6amK/52YcAKIPlM3a+Fpj35zvRj2TP+e1xFSfk=
golang.org/x/time v0.5.0/go.mod h1:3BpzKBy/shNhVucY/MWOyx10tF3SFh9QdLuxbVysPQM=
